// !$*UTF8*$!
{
	archiveVersion = 1;
	classes = {
	};
	objectVersion = 46;
	objects = {

/* Begin PBXBuildFile section */
		3A9887CAFBF918B6FA48B474 /* libPods-CYMailDemo.a in Frameworks */ = {isa = PBXBuildFile; fileRef = 0DDAEEF9CD3CEC3A7B36AD11 /* libPods-CYMailDemo.a */; };
		E10337C61E3785D3006C6BAD /* MailAttachmentCell.m in Sources */ = {isa = PBXBuildFile; fileRef = E10337BF1E3785D3006C6BAD /* MailAttachmentCell.m */; };
		E10337C71E3785D3006C6BAD /* MailAttachmentCell.xib in Resources */ = {isa = PBXBuildFile; fileRef = E10337C01E3785D3006C6BAD /* MailAttachmentCell.xib */; };
		E10337C81E3785D3006C6BAD /* MailTopicCell.m in Sources */ = {isa = PBXBuildFile; fileRef = E10337C21E3785D3006C6BAD /* MailTopicCell.m */; };
		E10337C91E3785D3006C6BAD /* MailTopicCell.xib in Resources */ = {isa = PBXBuildFile; fileRef = E10337C31E3785D3006C6BAD /* MailTopicCell.xib */; };
		E10A9A5E1E338AEF003F45C0 /* MailListCell.m in Sources */ = {isa = PBXBuildFile; fileRef = E10A9A5C1E338AEF003F45C0 /* MailListCell.m */; };
		E10A9A5F1E338AEF003F45C0 /* MailListCell.xib in Resources */ = {isa = PBXBuildFile; fileRef = E10A9A5D1E338AEF003F45C0 /* MailListCell.xib */; };
		E10A9A651E338E0F003F45C0 /* MailAttachmentTableViewCell.m in Sources */ = {isa = PBXBuildFile; fileRef = E10A9A611E338E0F003F45C0 /* MailAttachmentTableViewCell.m */; };
		E10A9A661E338E0F003F45C0 /* MailContactCell.m in Sources */ = {isa = PBXBuildFile; fileRef = E10A9A631E338E0F003F45C0 /* MailContactCell.m */; };
		E10A9A671E338E0F003F45C0 /* MailContactCell.xib in Resources */ = {isa = PBXBuildFile; fileRef = E10A9A641E338E0F003F45C0 /* MailContactCell.xib */; };
		E10A9A6A1E338E98003F45C0 /* MailDetailBottomView.m in Sources */ = {isa = PBXBuildFile; fileRef = E10A9A691E338E98003F45C0 /* MailDetailBottomView.m */; };
		E10A9A781E33957B003F45C0 /* Localizable.strings in Resources */ = {isa = PBXBuildFile; fileRef = E10A9A751E33957B003F45C0 /* Localizable.strings */; };
		E10ED1381E28D4B900445B74 /* CYMailUtil.m in Sources */ = {isa = PBXBuildFile; fileRef = E10ED1371E28D4B900445B74 /* CYMailUtil.m */; };
		E11384771E26259D00510106 /* CYBaseMailViewController.m in Sources */ = {isa = PBXBuildFile; fileRef = E11384761E26259D00510106 /* CYBaseMailViewController.m */; };
		E1485D401E2F6C53005CA706 /* File in Resources */ = {isa = PBXBuildFile; fileRef = E1485D3F1E2F6C53005CA706 /* File */; };
		E14FA71F1E3F4DB4000B4791 /* CYMailModelManager.m in Sources */ = {isa = PBXBuildFile; fileRef = E14FA71E1E3F4DB4000B4791 /* CYMailModelManager.m */; };
		E14FA7221E3F6424000B4791 /* CYTempAttachment.m in Sources */ = {isa = PBXBuildFile; fileRef = E14FA7211E3F6424000B4791 /* CYTempAttachment.m */; };
		E1913DA41E272C3900432EEF /* CYMailModel.xcdatamodeld in Sources */ = {isa = PBXBuildFile; fileRef = E1913DA21E272C3900432EEF /* CYMailModel.xcdatamodeld */; };
		E1913DC21E277D0500432EEF /* CYMailSessionManager.m in Sources */ = {isa = PBXBuildFile; fileRef = E1913DC11E277D0500432EEF /* CYMailSessionManager.m */; };
		E1913DC51E277FBB00432EEF /* CYMailSession.m in Sources */ = {isa = PBXBuildFile; fileRef = E1913DC41E277FBB00432EEF /* CYMailSession.m */; };
		E1A16E2F1E27BA4A00C86832 /* CYMail.m in Sources */ = {isa = PBXBuildFile; fileRef = E1A16E201E27BA4A00C86832 /* CYMail.m */; };
		E1A16E301E27BA4A00C86832 /* CYMail+CoreDataProperties.m in Sources */ = {isa = PBXBuildFile; fileRef = E1A16E221E27BA4A00C86832 /* CYMail+CoreDataProperties.m */; };
		E1A16E311E27BA4A00C86832 /* CYFolder.m in Sources */ = {isa = PBXBuildFile; fileRef = E1A16E241E27BA4A00C86832 /* CYFolder.m */; };
		E1A16E321E27BA4A00C86832 /* CYFolder+CoreDataProperties.m in Sources */ = {isa = PBXBuildFile; fileRef = E1A16E261E27BA4A00C86832 /* CYFolder+CoreDataProperties.m */; };
		E1A16E331E27BA4A00C86832 /* CYMailAccount.m in Sources */ = {isa = PBXBuildFile; fileRef = E1A16E281E27BA4A00C86832 /* CYMailAccount.m */; };
		E1A16E341E27BA4A00C86832 /* CYMailAccount+CoreDataProperties.m in Sources */ = {isa = PBXBuildFile; fileRef = E1A16E2A1E27BA4A00C86832 /* CYMailAccount+CoreDataProperties.m */; };
		E1A16E351E27BA4A00C86832 /* CYAttachment.m in Sources */ = {isa = PBXBuildFile; fileRef = E1A16E2C1E27BA4A00C86832 /* CYAttachment.m */; };
		E1A16E361E27BA4A00C86832 /* CYAttachment+CoreDataProperties.m in Sources */ = {isa = PBXBuildFile; fileRef = E1A16E2E1E27BA4A00C86832 /* CYAttachment+CoreDataProperties.m */; };
		E1B20CF81E40810E000032B3 /* Assets.xcassets in Resources */ = {isa = PBXBuildFile; fileRef = E1B20CF71E40810E000032B3 /* Assets.xcassets */; };
		E1CC33B51D3E0C86005FEA04 /* AppDelegate.m in Sources */ = {isa = PBXBuildFile; fileRef = E1CC2EEF1D3E0C85005FEA04 /* AppDelegate.m */; };
		E1CC33B61D3E0C86005FEA04 /* LaunchScreen.storyboard in Resources */ = {isa = PBXBuildFile; fileRef = E1CC2EF01D3E0C85005FEA04 /* LaunchScreen.storyboard */; };
		E1CC33B71D3E0C86005FEA04 /* Main.storyboard in Resources */ = {isa = PBXBuildFile; fileRef = E1CC2EF21D3E0C85005FEA04 /* Main.storyboard */; };
		E1CC33B81D3E0C86005FEA04 /* main.m in Sources */ = {isa = PBXBuildFile; fileRef = E1CC2EF41D3E0C85005FEA04 /* main.m */; };
		E1CC33BA1D3E0C86005FEA04 /* Info.plist in Resources */ = {isa = PBXBuildFile; fileRef = E1CC2EFB1D3E0C85005FEA04 /* Info.plist */; };
		E1CC37851D3E1589005FEA04 /* MailAttachmentViewController.m in Sources */ = {isa = PBXBuildFile; fileRef = E1CC36F51D3E1589005FEA04 /* MailAttachmentViewController.m */; };
		E1CC37871D3E1589005FEA04 /* MailAccountListViewController.m in Sources */ = {isa = PBXBuildFile; fileRef = E1CC36F81D3E1589005FEA04 /* MailAccountListViewController.m */; };
		E1CC378B1D3E1589005FEA04 /* MailDetailViewController.m in Sources */ = {isa = PBXBuildFile; fileRef = E1CC36FF1D3E1589005FEA04 /* MailDetailViewController.m */; };
		E1CC378D1D3E1589005FEA04 /* MailEditViewController.m in Sources */ = {isa = PBXBuildFile; fileRef = E1CC37021D3E1589005FEA04 /* MailEditViewController.m */; };
		E1CC378F1D3E1589005FEA04 /* MailFolderViewController.m in Sources */ = {isa = PBXBuildFile; fileRef = E1CC37051D3E1589005FEA04 /* MailFolderViewController.m */; };
		E1CC37931D3E1589005FEA04 /* MailHomeViewController.m in Sources */ = {isa = PBXBuildFile; fileRef = E1CC370C1D3E1589005FEA04 /* MailHomeViewController.m */; };
		E1CC37941D3E1589005FEA04 /* MailListViewController.m in Sources */ = {isa = PBXBuildFile; fileRef = E1CC370E1D3E1589005FEA04 /* MailListViewController.m */; };
		E1CC37971D3E1589005FEA04 /* MailLoginViewController.m in Sources */ = {isa = PBXBuildFile; fileRef = E1CC37131D3E1589005FEA04 /* MailLoginViewController.m */; };
		E1CC37981D3E1589005FEA04 /* MailLoginViewController.xib in Resources */ = {isa = PBXBuildFile; fileRef = E1CC37141D3E1589005FEA04 /* MailLoginViewController.xib */; };
		E1CC37BE1D3E1589005FEA04 /* ZTEMailconfiguration.plist in Resources */ = {isa = PBXBuildFile; fileRef = E1CC374C1D3E1589005FEA04 /* ZTEMailconfiguration.plist */; };
		E1CC37BF1D3E1589005FEA04 /* ZTESupportMail.plist in Resources */ = {isa = PBXBuildFile; fileRef = E1CC374D1D3E1589005FEA04 /* ZTESupportMail.plist */; };
		E1CC37E71D3E16C0005FEA04 /* DocPreviewUtil.m in Sources */ = {isa = PBXBuildFile; fileRef = E1CC37DE1D3E16C0005FEA04 /* DocPreviewUtil.m */; };
		E1CC37E81D3E16C0005FEA04 /* MailAddAddrTextParser.m in Sources */ = {isa = PBXBuildFile; fileRef = E1CC37E01D3E16C0005FEA04 /* MailAddAddrTextParser.m */; };
		E1CC37E91D3E16C0005FEA04 /* YYSandBoxUtil.m in Sources */ = {isa = PBXBuildFile; fileRef = E1CC37E21D3E16C0005FEA04 /* YYSandBoxUtil.m */; };
		E1CC38091D3E19DD005FEA04 /* CFNetwork.framework in Frameworks */ = {isa = PBXBuildFile; fileRef = E1CC38081D3E19DD005FEA04 /* CFNetwork.framework */; };
		E1CC380B1D3E19E8005FEA04 /* Security.framework in Frameworks */ = {isa = PBXBuildFile; fileRef = E1CC380A1D3E19E8005FEA04 /* Security.framework */; };
		E1CC38171D3E20BD005FEA04 /* UIView+Frame.m in Sources */ = {isa = PBXBuildFile; fileRef = E1CC38141D3E20BD005FEA04 /* UIView+Frame.m */; };
		E1CC38181D3E20BD005FEA04 /* UIView+Toast.m in Sources */ = {isa = PBXBuildFile; fileRef = E1CC38161D3E20BD005FEA04 /* UIView+Toast.m */; };
		E1CC381C1D3E2178005FEA04 /* UIColor+HexString.m in Sources */ = {isa = PBXBuildFile; fileRef = E1CC381B1D3E2178005FEA04 /* UIColor+HexString.m */; };
		E1CC38211D3E2300005FEA04 /* NSString+CYVerification.m in Sources */ = {isa = PBXBuildFile; fileRef = E1CC38201D3E2300005FEA04 /* NSString+CYVerification.m */; };
		E1CC38831D3E2829005FEA04 /* JSImagePickerViewController.m in Sources */ = {isa = PBXBuildFile; fileRef = E1CC38821D3E2829005FEA04 /* JSImagePickerViewController.m */; };
		E1FF4C421E407D4B0067DFEC /* MailAddressCell.m in Sources */ = {isa = PBXBuildFile; fileRef = E1FF4C401E407D4B0067DFEC /* MailAddressCell.m */; };
/* End PBXBuildFile section */

/* Begin PBXFileReference section */
		0DDAEEF9CD3CEC3A7B36AD11 /* libPods-CYMailDemo.a */ = {isa = PBXFileReference; explicitFileType = archive.ar; includeInIndex = 0; path = "libPods-CYMailDemo.a"; sourceTree = BUILT_PRODUCTS_DIR; };
		62C0D81A1BC09E39E096D366 /* Pods-CYMailDemo.debug.xcconfig */ = {isa = PBXFileReference; includeInIndex = 1; lastKnownFileType = text.xcconfig; name = "Pods-CYMailDemo.debug.xcconfig"; path = "Pods/Target Support Files/Pods-CYMailDemo/Pods-CYMailDemo.debug.xcconfig"; sourceTree = "<group>"; };
		E10337BE1E3785D3006C6BAD /* MailAttachmentCell.h */ = {isa = PBXFileReference; fileEncoding = 4; lastKnownFileType = sourcecode.c.h; path = MailAttachmentCell.h; sourceTree = "<group>"; };
		E10337BF1E3785D3006C6BAD /* MailAttachmentCell.m */ = {isa = PBXFileReference; fileEncoding = 4; lastKnownFileType = sourcecode.c.objc; path = MailAttachmentCell.m; sourceTree = "<group>"; };
		E10337C01E3785D3006C6BAD /* MailAttachmentCell.xib */ = {isa = PBXFileReference; fileEncoding = 4; lastKnownFileType = file.xib; path = MailAttachmentCell.xib; sourceTree = "<group>"; };
		E10337C11E3785D3006C6BAD /* MailTopicCell.h */ = {isa = PBXFileReference; fileEncoding = 4; lastKnownFileType = sourcecode.c.h; path = MailTopicCell.h; sourceTree = "<group>"; };
		E10337C21E3785D3006C6BAD /* MailTopicCell.m */ = {isa = PBXFileReference; fileEncoding = 4; lastKnownFileType = sourcecode.c.objc; path = MailTopicCell.m; sourceTree = "<group>"; };
		E10337C31E3785D3006C6BAD /* MailTopicCell.xib */ = {isa = PBXFileReference; fileEncoding = 4; lastKnownFileType = file.xib; path = MailTopicCell.xib; sourceTree = "<group>"; };
		E10A9A5B1E338AEF003F45C0 /* MailListCell.h */ = {isa = PBXFileReference; fileEncoding = 4; lastKnownFileType = sourcecode.c.h; path = MailListCell.h; sourceTree = "<group>"; };
		E10A9A5C1E338AEF003F45C0 /* MailListCell.m */ = {isa = PBXFileReference; fileEncoding = 4; lastKnownFileType = sourcecode.c.objc; path = MailListCell.m; sourceTree = "<group>"; };
		E10A9A5D1E338AEF003F45C0 /* MailListCell.xib */ = {isa = PBXFileReference; fileEncoding = 4; lastKnownFileType = file.xib; path = MailListCell.xib; sourceTree = "<group>"; };
		E10A9A601E338E0F003F45C0 /* MailAttachmentTableViewCell.h */ = {isa = PBXFileReference; fileEncoding = 4; lastKnownFileType = sourcecode.c.h; path = MailAttachmentTableViewCell.h; sourceTree = "<group>"; };
		E10A9A611E338E0F003F45C0 /* MailAttachmentTableViewCell.m */ = {isa = PBXFileReference; fileEncoding = 4; lastKnownFileType = sourcecode.c.objc; path = MailAttachmentTableViewCell.m; sourceTree = "<group>"; };
		E10A9A621E338E0F003F45C0 /* MailContactCell.h */ = {isa = PBXFileReference; fileEncoding = 4; lastKnownFileType = sourcecode.c.h; path = MailContactCell.h; sourceTree = "<group>"; };
		E10A9A631E338E0F003F45C0 /* MailContactCell.m */ = {isa = PBXFileReference; fileEncoding = 4; lastKnownFileType = sourcecode.c.objc; path = MailContactCell.m; sourceTree = "<group>"; };
		E10A9A641E338E0F003F45C0 /* MailContactCell.xib */ = {isa = PBXFileReference; fileEncoding = 4; lastKnownFileType = file.xib; path = MailContactCell.xib; sourceTree = "<group>"; };
		E10A9A681E338E98003F45C0 /* MailDetailBottomView.h */ = {isa = PBXFileReference; fileEncoding = 4; lastKnownFileType = sourcecode.c.h; path = MailDetailBottomView.h; sourceTree = "<group>"; };
		E10A9A691E338E98003F45C0 /* MailDetailBottomView.m */ = {isa = PBXFileReference; fileEncoding = 4; lastKnownFileType = sourcecode.c.objc; path = MailDetailBottomView.m; sourceTree = "<group>"; };
		E10A9A6E1E339438003F45C0 /* zh-Hans */ = {isa = PBXFileReference; lastKnownFileType = text.plist.strings; name = "zh-Hans"; path = "zh-Hans.lproj/LaunchScreen.strings"; sourceTree = "<group>"; };
		E10A9A6F1E339438003F45C0 /* zh-Hans */ = {isa = PBXFileReference; lastKnownFileType = text.plist.strings; name = "zh-Hans"; path = "zh-Hans.lproj/Main.strings"; sourceTree = "<group>"; };
		E10A9A771E33957B003F45C0 /* zh-Hans */ = {isa = PBXFileReference; lastKnownFileType = text.plist.strings; name = "zh-Hans"; path = "zh-Hans.lproj/Localizable.strings"; sourceTree = "<group>"; };
		E10ED1361E28D4B900445B74 /* CYMailUtil.h */ = {isa = PBXFileReference; fileEncoding = 4; lastKnownFileType = sourcecode.c.h; path = CYMailUtil.h; sourceTree = "<group>"; };
		E10ED1371E28D4B900445B74 /* CYMailUtil.m */ = {isa = PBXFileReference; fileEncoding = 4; lastKnownFileType = sourcecode.c.objc; path = CYMailUtil.m; sourceTree = "<group>"; };
		E11384751E26259D00510106 /* CYBaseMailViewController.h */ = {isa = PBXFileReference; fileEncoding = 4; lastKnownFileType = sourcecode.c.h; path = CYBaseMailViewController.h; sourceTree = "<group>"; };
		E11384761E26259D00510106 /* CYBaseMailViewController.m */ = {isa = PBXFileReference; fileEncoding = 4; lastKnownFileType = sourcecode.c.objc; path = CYBaseMailViewController.m; sourceTree = "<group>"; };
		E1485D3F1E2F6C53005CA706 /* File */ = {isa = PBXFileReference; fileEncoding = 4; lastKnownFileType = text; path = File; sourceTree = "<group>"; };
		E14FA71D1E3F4DB4000B4791 /* CYMailModelManager.h */ = {isa = PBXFileReference; fileEncoding = 4; lastKnownFileType = sourcecode.c.h; path = CYMailModelManager.h; sourceTree = "<group>"; };
		E14FA71E1E3F4DB4000B4791 /* CYMailModelManager.m */ = {isa = PBXFileReference; fileEncoding = 4; lastKnownFileType = sourcecode.c.objc; path = CYMailModelManager.m; sourceTree = "<group>"; };
		E14FA7201E3F6424000B4791 /* CYTempAttachment.h */ = {isa = PBXFileReference; fileEncoding = 4; lastKnownFileType = sourcecode.c.h; path = CYTempAttachment.h; sourceTree = "<group>"; };
		E14FA7211E3F6424000B4791 /* CYTempAttachment.m */ = {isa = PBXFileReference; fileEncoding = 4; lastKnownFileType = sourcecode.c.objc; path = CYTempAttachment.m; sourceTree = "<group>"; };
		E1913DA11E2729F800432EEF /* Singleton.h */ = {isa = PBXFileReference; fileEncoding = 4; lastKnownFileType = sourcecode.c.h; path = Singleton.h; sourceTree = "<group>"; };
		E1913DA31E272C3900432EEF /* CYMailModel.xcdatamodel */ = {isa = PBXFileReference; lastKnownFileType = wrapper.xcdatamodel; path = CYMailModel.xcdatamodel; sourceTree = "<group>"; };
		E1913DC01E277D0500432EEF /* CYMailSessionManager.h */ = {isa = PBXFileReference; fileEncoding = 4; lastKnownFileType = sourcecode.c.h; path = CYMailSessionManager.h; sourceTree = "<group>"; };
		E1913DC11E277D0500432EEF /* CYMailSessionManager.m */ = {isa = PBXFileReference; fileEncoding = 4; lastKnownFileType = sourcecode.c.objc; path = CYMailSessionManager.m; sourceTree = "<group>"; };
		E1913DC31E277FBB00432EEF /* CYMailSession.h */ = {isa = PBXFileReference; fileEncoding = 4; lastKnownFileType = sourcecode.c.h; path = CYMailSession.h; sourceTree = "<group>"; };
		E1913DC41E277FBB00432EEF /* CYMailSession.m */ = {isa = PBXFileReference; fileEncoding = 4; lastKnownFileType = sourcecode.c.objc; path = CYMailSession.m; sourceTree = "<group>"; };
		E1A16E1F1E27BA4A00C86832 /* CYMail.h */ = {isa = PBXFileReference; fileEncoding = 4; lastKnownFileType = sourcecode.c.h; path = CYMail.h; sourceTree = "<group>"; };
		E1A16E201E27BA4A00C86832 /* CYMail.m */ = {isa = PBXFileReference; fileEncoding = 4; lastKnownFileType = sourcecode.c.objc; path = CYMail.m; sourceTree = "<group>"; };
		E1A16E211E27BA4A00C86832 /* CYMail+CoreDataProperties.h */ = {isa = PBXFileReference; fileEncoding = 4; lastKnownFileType = sourcecode.c.h; path = "CYMail+CoreDataProperties.h"; sourceTree = "<group>"; };
		E1A16E221E27BA4A00C86832 /* CYMail+CoreDataProperties.m */ = {isa = PBXFileReference; fileEncoding = 4; lastKnownFileType = sourcecode.c.objc; path = "CYMail+CoreDataProperties.m"; sourceTree = "<group>"; };
		E1A16E231E27BA4A00C86832 /* CYFolder.h */ = {isa = PBXFileReference; fileEncoding = 4; lastKnownFileType = sourcecode.c.h; path = CYFolder.h; sourceTree = "<group>"; };
		E1A16E241E27BA4A00C86832 /* CYFolder.m */ = {isa = PBXFileReference; fileEncoding = 4; lastKnownFileType = sourcecode.c.objc; path = CYFolder.m; sourceTree = "<group>"; };
		E1A16E251E27BA4A00C86832 /* CYFolder+CoreDataProperties.h */ = {isa = PBXFileReference; fileEncoding = 4; lastKnownFileType = sourcecode.c.h; path = "CYFolder+CoreDataProperties.h"; sourceTree = "<group>"; };
		E1A16E261E27BA4A00C86832 /* CYFolder+CoreDataProperties.m */ = {isa = PBXFileReference; fileEncoding = 4; lastKnownFileType = sourcecode.c.objc; path = "CYFolder+CoreDataProperties.m"; sourceTree = "<group>"; };
		E1A16E271E27BA4A00C86832 /* CYMailAccount.h */ = {isa = PBXFileReference; fileEncoding = 4; lastKnownFileType = sourcecode.c.h; path = CYMailAccount.h; sourceTree = "<group>"; };
		E1A16E281E27BA4A00C86832 /* CYMailAccount.m */ = {isa = PBXFileReference; fileEncoding = 4; lastKnownFileType = sourcecode.c.objc; path = CYMailAccount.m; sourceTree = "<group>"; };
		E1A16E291E27BA4A00C86832 /* CYMailAccount+CoreDataProperties.h */ = {isa = PBXFileReference; fileEncoding = 4; lastKnownFileType = sourcecode.c.h; path = "CYMailAccount+CoreDataProperties.h"; sourceTree = "<group>"; };
		E1A16E2A1E27BA4A00C86832 /* CYMailAccount+CoreDataProperties.m */ = {isa = PBXFileReference; fileEncoding = 4; lastKnownFileType = sourcecode.c.objc; path = "CYMailAccount+CoreDataProperties.m"; sourceTree = "<group>"; };
		E1A16E2B1E27BA4A00C86832 /* CYAttachment.h */ = {isa = PBXFileReference; fileEncoding = 4; lastKnownFileType = sourcecode.c.h; path = CYAttachment.h; sourceTree = "<group>"; };
		E1A16E2C1E27BA4A00C86832 /* CYAttachment.m */ = {isa = PBXFileReference; fileEncoding = 4; lastKnownFileType = sourcecode.c.objc; path = CYAttachment.m; sourceTree = "<group>"; };
		E1A16E2D1E27BA4A00C86832 /* CYAttachment+CoreDataProperties.h */ = {isa = PBXFileReference; fileEncoding = 4; lastKnownFileType = sourcecode.c.h; path = "CYAttachment+CoreDataProperties.h"; sourceTree = "<group>"; };
		E1A16E2E1E27BA4A00C86832 /* CYAttachment+CoreDataProperties.m */ = {isa = PBXFileReference; fileEncoding = 4; lastKnownFileType = sourcecode.c.objc; path = "CYAttachment+CoreDataProperties.m"; sourceTree = "<group>"; };
		E1B20CF71E40810E000032B3 /* Assets.xcassets */ = {isa = PBXFileReference; lastKnownFileType = folder.assetcatalog; path = Assets.xcassets; sourceTree = "<group>"; };
		E1CC2ED11D3E0C1B005FEA04 /* CYMailDemo.app */ = {isa = PBXFileReference; explicitFileType = wrapper.application; includeInIndex = 0; path = CYMailDemo.app; sourceTree = BUILT_PRODUCTS_DIR; };
		E1CC2EEE1D3E0C85005FEA04 /* AppDelegate.h */ = {isa = PBXFileReference; fileEncoding = 4; lastKnownFileType = sourcecode.c.h; path = AppDelegate.h; sourceTree = "<group>"; };
		E1CC2EEF1D3E0C85005FEA04 /* AppDelegate.m */ = {isa = PBXFileReference; fileEncoding = 4; lastKnownFileType = sourcecode.c.objc; path = AppDelegate.m; sourceTree = "<group>"; };
		E1CC2EF11D3E0C85005FEA04 /* Base */ = {isa = PBXFileReference; lastKnownFileType = file.storyboard; name = Base; path = Base.lproj/LaunchScreen.storyboard; sourceTree = "<group>"; };
		E1CC2EF31D3E0C85005FEA04 /* Base */ = {isa = PBXFileReference; lastKnownFileType = file.storyboard; name = Base; path = Base.lproj/Main.storyboard; sourceTree = "<group>"; };
		E1CC2EF41D3E0C85005FEA04 /* main.m */ = {isa = PBXFileReference; fileEncoding = 4; lastKnownFileType = sourcecode.c.objc; path = main.m; sourceTree = "<group>"; };
		E1CC2EF51D3E0C85005FEA04 /* PrefixHeader.pch */ = {isa = PBXFileReference; fileEncoding = 4; lastKnownFileType = sourcecode.c.h; path = PrefixHeader.pch; sourceTree = "<group>"; };
		E1CC2EF91D3E0C85005FEA04 /* MainMacro.h */ = {isa = PBXFileReference; fileEncoding = 4; lastKnownFileType = sourcecode.c.h; path = MainMacro.h; sourceTree = "<group>"; };
		E1CC2EFB1D3E0C85005FEA04 /* Info.plist */ = {isa = PBXFileReference; fileEncoding = 4; lastKnownFileType = text.plist.xml; path = Info.plist; sourceTree = "<group>"; };
		E1CC36F41D3E1589005FEA04 /* MailAttachmentViewController.h */ = {isa = PBXFileReference; fileEncoding = 4; lastKnownFileType = sourcecode.c.h; path = MailAttachmentViewController.h; sourceTree = "<group>"; };
		E1CC36F51D3E1589005FEA04 /* MailAttachmentViewController.m */ = {isa = PBXFileReference; fileEncoding = 4; lastKnownFileType = sourcecode.c.objc; path = MailAttachmentViewController.m; sourceTree = "<group>"; };
		E1CC36F71D3E1589005FEA04 /* MailAccountListViewController.h */ = {isa = PBXFileReference; fileEncoding = 4; lastKnownFileType = sourcecode.c.h; path = MailAccountListViewController.h; sourceTree = "<group>"; };
		E1CC36F81D3E1589005FEA04 /* MailAccountListViewController.m */ = {isa = PBXFileReference; fileEncoding = 4; lastKnownFileType = sourcecode.c.objc; path = MailAccountListViewController.m; sourceTree = "<group>"; };
		E1CC36FE1D3E1589005FEA04 /* MailDetailViewController.h */ = {isa = PBXFileReference; fileEncoding = 4; lastKnownFileType = sourcecode.c.h; path = MailDetailViewController.h; sourceTree = "<group>"; };
		E1CC36FF1D3E1589005FEA04 /* MailDetailViewController.m */ = {isa = PBXFileReference; fileEncoding = 4; lastKnownFileType = sourcecode.c.objc; path = MailDetailViewController.m; sourceTree = "<group>"; };
		E1CC37011D3E1589005FEA04 /* MailEditViewController.h */ = {isa = PBXFileReference; fileEncoding = 4; lastKnownFileType = sourcecode.c.h; path = MailEditViewController.h; sourceTree = "<group>"; };
		E1CC37021D3E1589005FEA04 /* MailEditViewController.m */ = {isa = PBXFileReference; fileEncoding = 4; lastKnownFileType = sourcecode.c.objc; path = MailEditViewController.m; sourceTree = "<group>"; };
		E1CC37041D3E1589005FEA04 /* MailFolderViewController.h */ = {isa = PBXFileReference; fileEncoding = 4; lastKnownFileType = sourcecode.c.h; path = MailFolderViewController.h; sourceTree = "<group>"; };
		E1CC37051D3E1589005FEA04 /* MailFolderViewController.m */ = {isa = PBXFileReference; fileEncoding = 4; lastKnownFileType = sourcecode.c.objc; path = MailFolderViewController.m; sourceTree = "<group>"; };
		E1CC370B1D3E1589005FEA04 /* MailHomeViewController.h */ = {isa = PBXFileReference; fileEncoding = 4; lastKnownFileType = sourcecode.c.h; path = MailHomeViewController.h; sourceTree = "<group>"; };
		E1CC370C1D3E1589005FEA04 /* MailHomeViewController.m */ = {isa = PBXFileReference; fileEncoding = 4; lastKnownFileType = sourcecode.c.objc; path = MailHomeViewController.m; sourceTree = "<group>"; };
		E1CC370D1D3E1589005FEA04 /* MailListViewController.h */ = {isa = PBXFileReference; fileEncoding = 4; lastKnownFileType = sourcecode.c.h; path = MailListViewController.h; sourceTree = "<group>"; };
		E1CC370E1D3E1589005FEA04 /* MailListViewController.m */ = {isa = PBXFileReference; fileEncoding = 4; lastKnownFileType = sourcecode.c.objc; path = MailListViewController.m; sourceTree = "<group>"; };
		E1CC37121D3E1589005FEA04 /* MailLoginViewController.h */ = {isa = PBXFileReference; fileEncoding = 4; lastKnownFileType = sourcecode.c.h; path = MailLoginViewController.h; sourceTree = "<group>"; };
		E1CC37131D3E1589005FEA04 /* MailLoginViewController.m */ = {isa = PBXFileReference; fileEncoding = 4; lastKnownFileType = sourcecode.c.objc; path = MailLoginViewController.m; sourceTree = "<group>"; };
		E1CC37141D3E1589005FEA04 /* MailLoginViewController.xib */ = {isa = PBXFileReference; fileEncoding = 4; lastKnownFileType = file.xib; path = MailLoginViewController.xib; sourceTree = "<group>"; };
		E1CC374C1D3E1589005FEA04 /* ZTEMailconfiguration.plist */ = {isa = PBXFileReference; fileEncoding = 4; lastKnownFileType = text.plist.xml; path = ZTEMailconfiguration.plist; sourceTree = "<group>"; };
		E1CC374D1D3E1589005FEA04 /* ZTESupportMail.plist */ = {isa = PBXFileReference; fileEncoding = 4; lastKnownFileType = text.plist.xml; path = ZTESupportMail.plist; sourceTree = "<group>"; };
		E1CC37DD1D3E16C0005FEA04 /* DocPreviewUtil.h */ = {isa = PBXFileReference; fileEncoding = 4; lastKnownFileType = sourcecode.c.h; path = DocPreviewUtil.h; sourceTree = "<group>"; };
		E1CC37DE1D3E16C0005FEA04 /* DocPreviewUtil.m */ = {isa = PBXFileReference; fileEncoding = 4; lastKnownFileType = sourcecode.c.objc; path = DocPreviewUtil.m; sourceTree = "<group>"; };
		E1CC37DF1D3E16C0005FEA04 /* MailAddAddrTextParser.h */ = {isa = PBXFileReference; fileEncoding = 4; lastKnownFileType = sourcecode.c.h; path = MailAddAddrTextParser.h; sourceTree = "<group>"; };
		E1CC37E01D3E16C0005FEA04 /* MailAddAddrTextParser.m */ = {isa = PBXFileReference; fileEncoding = 4; lastKnownFileType = sourcecode.c.objc; path = MailAddAddrTextParser.m; sourceTree = "<group>"; };
		E1CC37E11D3E16C0005FEA04 /* YYSandBoxUtil.h */ = {isa = PBXFileReference; fileEncoding = 4; lastKnownFileType = sourcecode.c.h; path = YYSandBoxUtil.h; sourceTree = "<group>"; };
		E1CC37E21D3E16C0005FEA04 /* YYSandBoxUtil.m */ = {isa = PBXFileReference; fileEncoding = 4; lastKnownFileType = sourcecode.c.objc; path = YYSandBoxUtil.m; sourceTree = "<group>"; };
		E1CC38081D3E19DD005FEA04 /* CFNetwork.framework */ = {isa = PBXFileReference; lastKnownFileType = wrapper.framework; name = CFNetwork.framework; path = System/Library/Frameworks/CFNetwork.framework; sourceTree = SDKROOT; };
		E1CC380A1D3E19E8005FEA04 /* Security.framework */ = {isa = PBXFileReference; lastKnownFileType = wrapper.framework; name = Security.framework; path = System/Library/Frameworks/Security.framework; sourceTree = SDKROOT; };
		E1CC38131D3E20BD005FEA04 /* UIView+Frame.h */ = {isa = PBXFileReference; fileEncoding = 4; lastKnownFileType = sourcecode.c.h; path = "UIView+Frame.h"; sourceTree = "<group>"; };
		E1CC38141D3E20BD005FEA04 /* UIView+Frame.m */ = {isa = PBXFileReference; fileEncoding = 4; lastKnownFileType = sourcecode.c.objc; path = "UIView+Frame.m"; sourceTree = "<group>"; };
		E1CC38151D3E20BD005FEA04 /* UIView+Toast.h */ = {isa = PBXFileReference; fileEncoding = 4; lastKnownFileType = sourcecode.c.h; path = "UIView+Toast.h"; sourceTree = "<group>"; };
		E1CC38161D3E20BD005FEA04 /* UIView+Toast.m */ = {isa = PBXFileReference; fileEncoding = 4; lastKnownFileType = sourcecode.c.objc; path = "UIView+Toast.m"; sourceTree = "<group>"; };
		E1CC381A1D3E2178005FEA04 /* UIColor+HexString.h */ = {isa = PBXFileReference; fileEncoding = 4; lastKnownFileType = sourcecode.c.h; path = "UIColor+HexString.h"; sourceTree = "<group>"; };
		E1CC381B1D3E2178005FEA04 /* UIColor+HexString.m */ = {isa = PBXFileReference; fileEncoding = 4; lastKnownFileType = sourcecode.c.objc; path = "UIColor+HexString.m"; sourceTree = "<group>"; };
		E1CC381F1D3E2300005FEA04 /* NSString+CYVerification.h */ = {isa = PBXFileReference; fileEncoding = 4; lastKnownFileType = sourcecode.c.h; path = "NSString+CYVerification.h"; sourceTree = "<group>"; };
		E1CC38201D3E2300005FEA04 /* NSString+CYVerification.m */ = {isa = PBXFileReference; fileEncoding = 4; lastKnownFileType = sourcecode.c.objc; path = "NSString+CYVerification.m"; sourceTree = "<group>"; };
		E1CC38811D3E2829005FEA04 /* JSImagePickerViewController.h */ = {isa = PBXFileReference; fileEncoding = 4; lastKnownFileType = sourcecode.c.h; path = JSImagePickerViewController.h; sourceTree = "<group>"; };
		E1CC38821D3E2829005FEA04 /* JSImagePickerViewController.m */ = {isa = PBXFileReference; fileEncoding = 4; lastKnownFileType = sourcecode.c.objc; path = JSImagePickerViewController.m; sourceTree = "<group>"; };
		E1FF4C3F1E407D4B0067DFEC /* MailAddressCell.h */ = {isa = PBXFileReference; fileEncoding = 4; lastKnownFileType = sourcecode.c.h; path = MailAddressCell.h; sourceTree = "<group>"; };
		E1FF4C401E407D4B0067DFEC /* MailAddressCell.m */ = {isa = PBXFileReference; fileEncoding = 4; lastKnownFileType = sourcecode.c.objc; path = MailAddressCell.m; sourceTree = "<group>"; };
		E362B3E0FD6CF09249ABA059 /* Pods-CYMailDemo.release.xcconfig */ = {isa = PBXFileReference; includeInIndex = 1; lastKnownFileType = text.xcconfig; name = "Pods-CYMailDemo.release.xcconfig"; path = "Pods/Target Support Files/Pods-CYMailDemo/Pods-CYMailDemo.release.xcconfig"; sourceTree = "<group>"; };
/* End PBXFileReference section */

/* Begin PBXFrameworksBuildPhase section */
		E1CC2ECE1D3E0C1B005FEA04 /* Frameworks */ = {
			isa = PBXFrameworksBuildPhase;
			buildActionMask = 2147483647;
			files = (
				E1CC380B1D3E19E8005FEA04 /* Security.framework in Frameworks */,
				E1CC38091D3E19DD005FEA04 /* CFNetwork.framework in Frameworks */,
				3A9887CAFBF918B6FA48B474 /* libPods-CYMailDemo.a in Frameworks */,
			);
			runOnlyForDeploymentPostprocessing = 0;
		};
/* End PBXFrameworksBuildPhase section */

/* Begin PBXGroup section */
		B776C4C27E2EF5FC1F70C81D /* Frameworks */ = {
			isa = PBXGroup;
			children = (
				0DDAEEF9CD3CEC3A7B36AD11 /* libPods-CYMailDemo.a */,
			);
			name = Frameworks;
			sourceTree = "<group>";
		};
		BF4753656151DC4E57921D19 /* Pods */ = {
			isa = PBXGroup;
			children = (
				62C0D81A1BC09E39E096D366 /* Pods-CYMailDemo.debug.xcconfig */,
				E362B3E0FD6CF09249ABA059 /* Pods-CYMailDemo.release.xcconfig */,
			);
			name = Pods;
			sourceTree = "<group>";
		};
		E10337BA1E3785D3006C6BAD /* MailEditeViewController */ = {
			isa = PBXGroup;
			children = (
				E10337BE1E3785D3006C6BAD /* MailAttachmentCell.h */,
				E10337BF1E3785D3006C6BAD /* MailAttachmentCell.m */,
				E10337C01E3785D3006C6BAD /* MailAttachmentCell.xib */,
				E10337C11E3785D3006C6BAD /* MailTopicCell.h */,
				E10337C21E3785D3006C6BAD /* MailTopicCell.m */,
				E10337C31E3785D3006C6BAD /* MailTopicCell.xib */,
				E1FF4C3F1E407D4B0067DFEC /* MailAddressCell.h */,
				E1FF4C401E407D4B0067DFEC /* MailAddressCell.m */,
			);
			path = MailEditeViewController;
			sourceTree = "<group>";
		};
		E10A9A591E338AEF003F45C0 /* MailDetailViewController */ = {
			isa = PBXGroup;
			children = (
				E10A9A601E338E0F003F45C0 /* MailAttachmentTableViewCell.h */,
				E10A9A611E338E0F003F45C0 /* MailAttachmentTableViewCell.m */,
				E10A9A621E338E0F003F45C0 /* MailContactCell.h */,
				E10A9A631E338E0F003F45C0 /* MailContactCell.m */,
				E10A9A641E338E0F003F45C0 /* MailContactCell.xib */,
				E10A9A681E338E98003F45C0 /* MailDetailBottomView.h */,
				E10A9A691E338E98003F45C0 /* MailDetailBottomView.m */,
			);
			path = MailDetailViewController;
			sourceTree = "<group>";
		};
		E10A9A5A1E338AEF003F45C0 /* MailListViewController */ = {
			isa = PBXGroup;
			children = (
				E10A9A5B1E338AEF003F45C0 /* MailListCell.h */,
				E10A9A5C1E338AEF003F45C0 /* MailListCell.m */,
				E10A9A5D1E338AEF003F45C0 /* MailListCell.xib */,
			);
			path = MailListViewController;
			sourceTree = "<group>";
		};
		E10A9A741E33957B003F45C0 /* Localizable */ = {
			isa = PBXGroup;
			children = (
				E10A9A751E33957B003F45C0 /* Localizable.strings */,
			);
			path = Localizable;
			sourceTree = "<group>";
		};
		E11384741E26259D00510106 /* BaseViewController */ = {
			isa = PBXGroup;
			children = (
				E11384751E26259D00510106 /* CYBaseMailViewController.h */,
				E11384761E26259D00510106 /* CYBaseMailViewController.m */,
			);
			path = BaseViewController;
			sourceTree = "<group>";
		};
		E1913DA01E2729F800432EEF /* Singleton */ = {
			isa = PBXGroup;
			children = (
				E1913DA11E2729F800432EEF /* Singleton.h */,
			);
			path = Singleton;
			sourceTree = "<group>";
		};
		E1CC2EC81D3E0C1B005FEA04 = {
			isa = PBXGroup;
			children = (
				E1CC2ED31D3E0C1B005FEA04 /* CYBaseProject */,
				E1CC2ED21D3E0C1B005FEA04 /* Products */,
				BF4753656151DC4E57921D19 /* Pods */,
				B776C4C27E2EF5FC1F70C81D /* Frameworks */,
			);
			sourceTree = "<group>";
		};
		E1CC2ED21D3E0C1B005FEA04 /* Products */ = {
			isa = PBXGroup;
			children = (
				E1CC2ED11D3E0C1B005FEA04 /* CYMailDemo.app */,
			);
			name = Products;
			sourceTree = "<group>";
		};
		E1CC2ED31D3E0C1B005FEA04 /* CYBaseProject */ = {
			isa = PBXGroup;
			children = (
				E1CC2EEC1D3E0C85005FEA04 /* Resource */,
				E1CC2EFC1D3E0C85005FEA04 /* Vender */,
				E1CC2EEB1D3E0C85005FEA04 /* Classes */,
				E1CC381D1D3E21CA005FEA04 /* Framework */,
			);
			path = CYBaseProject;
			sourceTree = "<group>";
		};
		E1CC2EEB1D3E0C85005FEA04 /* Classes */ = {
			isa = PBXGroup;
			children = (
				E1CC36F21D3E1589005FEA04 /* Mail */,
			);
			path = Classes;
			sourceTree = "<group>";
		};
		E1CC2EEC1D3E0C85005FEA04 /* Resource */ = {
			isa = PBXGroup;
			children = (
				E1CC2EED1D3E0C85005FEA04 /* Global */,
				E1CC2EF61D3E0C85005FEA04 /* Image */,
				E1CC2EF81D3E0C85005FEA04 /* Macro */,
				E1CC2EFA1D3E0C85005FEA04 /* Plist */,
			);
			path = Resource;
			sourceTree = "<group>";
		};
		E1CC2EED1D3E0C85005FEA04 /* Global */ = {
			isa = PBXGroup;
			children = (
				E1CC2EEE1D3E0C85005FEA04 /* AppDelegate.h */,
				E1CC2EEF1D3E0C85005FEA04 /* AppDelegate.m */,
				E1CC2EF01D3E0C85005FEA04 /* LaunchScreen.storyboard */,
				E1CC2EF21D3E0C85005FEA04 /* Main.storyboard */,
				E1CC2EF41D3E0C85005FEA04 /* main.m */,
				E1CC2EF51D3E0C85005FEA04 /* PrefixHeader.pch */,
				E1485D3F1E2F6C53005CA706 /* File */,
			);
			path = Global;
			sourceTree = "<group>";
		};
		E1CC2EF61D3E0C85005FEA04 /* Image */ = {
			isa = PBXGroup;
			children = (
				E1B20CF71E40810E000032B3 /* Assets.xcassets */,
			);
			path = Image;
			sourceTree = "<group>";
		};
		E1CC2EF81D3E0C85005FEA04 /* Macro */ = {
			isa = PBXGroup;
			children = (
				E1CC2EF91D3E0C85005FEA04 /* MainMacro.h */,
			);
			path = Macro;
			sourceTree = "<group>";
		};
		E1CC2EFA1D3E0C85005FEA04 /* Plist */ = {
			isa = PBXGroup;
			children = (
				E1CC2EFB1D3E0C85005FEA04 /* Info.plist */,
			);
			path = Plist;
			sourceTree = "<group>";
		};
		E1CC2EFC1D3E0C85005FEA04 /* Vender */ = {
			isa = PBXGroup;
			children = (
				E1CC36F11D3E11B8005FEA04 /* MyLib */,
				E1CC35DA1D3E1195005FEA04 /* ThirdLib */,
				E1CC2EFD1D3E0C85005FEA04 /* Category */,
				E1CC33141D3E0C86005FEA04 /* SDKFile */,
			);
			path = Vender;
			sourceTree = "<group>";
		};
		E1CC2EFD1D3E0C85005FEA04 /* Category */ = {
			isa = PBXGroup;
			children = (
				E1CC381E1D3E2300005FEA04 /* NSString */,
				E1CC38191D3E2178005FEA04 /* UIColor */,
				E1CC38121D3E20BD005FEA04 /* UIView */,
			);
			path = Category;
			sourceTree = "<group>";
		};
		E1CC33141D3E0C86005FEA04 /* SDKFile */ = {
			isa = PBXGroup;
			children = (
			);
			path = SDKFile;
			sourceTree = "<group>";
		};
		E1CC35DA1D3E1195005FEA04 /* ThirdLib */ = {
			isa = PBXGroup;
			children = (
				E1CC38801D3E2829005FEA04 /* JSImagePicker */,
			);
			path = ThirdLib;
			sourceTree = "<group>";
		};
		E1CC36F11D3E11B8005FEA04 /* MyLib */ = {
			isa = PBXGroup;
			children = (
				E1913DA01E2729F800432EEF /* Singleton */,
				E11384741E26259D00510106 /* BaseViewController */,
			);
			path = MyLib;
			sourceTree = "<group>";
		};
		E1CC36F21D3E1589005FEA04 /* Mail */ = {
			isa = PBXGroup;
			children = (
				E1CC37DC1D3E16C0005FEA04 /* Utils */,
				E1CC36F31D3E1589005FEA04 /* Controller */,
				E1CC37241D3E1589005FEA04 /* Model */,
				E1CC37371D3E1589005FEA04 /* Resource */,
				E1CC37611D3E1589005FEA04 /* View */,
			);
			path = Mail;
			sourceTree = "<group>";
		};
		E1CC36F31D3E1589005FEA04 /* Controller */ = {
			isa = PBXGroup;
			children = (
				E1CC36F41D3E1589005FEA04 /* MailAttachmentViewController.h */,
				E1CC36F51D3E1589005FEA04 /* MailAttachmentViewController.m */,
				E1CC36F71D3E1589005FEA04 /* MailAccountListViewController.h */,
				E1CC36F81D3E1589005FEA04 /* MailAccountListViewController.m */,
				E1CC36FE1D3E1589005FEA04 /* MailDetailViewController.h */,
				E1CC36FF1D3E1589005FEA04 /* MailDetailViewController.m */,
				E1CC37011D3E1589005FEA04 /* MailEditViewController.h */,
				E1CC37021D3E1589005FEA04 /* MailEditViewController.m */,
				E1CC37041D3E1589005FEA04 /* MailFolderViewController.h */,
				E1CC37051D3E1589005FEA04 /* MailFolderViewController.m */,
				E1CC370B1D3E1589005FEA04 /* MailHomeViewController.h */,
				E1CC370C1D3E1589005FEA04 /* MailHomeViewController.m */,
				E1CC370D1D3E1589005FEA04 /* MailListViewController.h */,
				E1CC370E1D3E1589005FEA04 /* MailListViewController.m */,
				E1CC37121D3E1589005FEA04 /* MailLoginViewController.h */,
				E1CC37131D3E1589005FEA04 /* MailLoginViewController.m */,
				E1CC37141D3E1589005FEA04 /* MailLoginViewController.xib */,
			);
			path = Controller;
			sourceTree = "<group>";
		};
		E1CC37241D3E1589005FEA04 /* Model */ = {
			isa = PBXGroup;
			children = (
				E1A16E1F1E27BA4A00C86832 /* CYMail.h */,
				E1A16E201E27BA4A00C86832 /* CYMail.m */,
				E1A16E211E27BA4A00C86832 /* CYMail+CoreDataProperties.h */,
				E1A16E221E27BA4A00C86832 /* CYMail+CoreDataProperties.m */,
				E1A16E231E27BA4A00C86832 /* CYFolder.h */,
				E1A16E241E27BA4A00C86832 /* CYFolder.m */,
				E1A16E251E27BA4A00C86832 /* CYFolder+CoreDataProperties.h */,
				E1A16E261E27BA4A00C86832 /* CYFolder+CoreDataProperties.m */,
				E1A16E271E27BA4A00C86832 /* CYMailAccount.h */,
				E1A16E281E27BA4A00C86832 /* CYMailAccount.m */,
				E1A16E291E27BA4A00C86832 /* CYMailAccount+CoreDataProperties.h */,
				E1A16E2A1E27BA4A00C86832 /* CYMailAccount+CoreDataProperties.m */,
				E1A16E2B1E27BA4A00C86832 /* CYAttachment.h */,
				E1A16E2C1E27BA4A00C86832 /* CYAttachment.m */,
				E1A16E2D1E27BA4A00C86832 /* CYAttachment+CoreDataProperties.h */,
				E1A16E2E1E27BA4A00C86832 /* CYAttachment+CoreDataProperties.m */,
				E14FA7201E3F6424000B4791 /* CYTempAttachment.h */,
				E14FA7211E3F6424000B4791 /* CYTempAttachment.m */,
			);
			path = Model;
			sourceTree = "<group>";
		};
		E1CC37371D3E1589005FEA04 /* Resource */ = {
			isa = PBXGroup;
			children = (
				E10A9A741E33957B003F45C0 /* Localizable */,
				E1CC37381D3E1589005FEA04 /* CoreData */,
				E1CC374B1D3E1589005FEA04 /* Plist */,
			);
			path = Resource;
			sourceTree = "<group>";
		};
		E1CC37381D3E1589005FEA04 /* CoreData */ = {
			isa = PBXGroup;
			children = (
				E1913DA21E272C3900432EEF /* CYMailModel.xcdatamodeld */,
			);
			path = CoreData;
			sourceTree = "<group>";
		};
		E1CC374B1D3E1589005FEA04 /* Plist */ = {
			isa = PBXGroup;
			children = (
				E1CC374C1D3E1589005FEA04 /* ZTEMailconfiguration.plist */,
				E1CC374D1D3E1589005FEA04 /* ZTESupportMail.plist */,
			);
			path = Plist;
			sourceTree = "<group>";
		};
		E1CC37611D3E1589005FEA04 /* View */ = {
			isa = PBXGroup;
			children = (
				E10337BA1E3785D3006C6BAD /* MailEditeViewController */,
				E10A9A591E338AEF003F45C0 /* MailDetailViewController */,
				E10A9A5A1E338AEF003F45C0 /* MailListViewController */,
			);
			path = View;
			sourceTree = "<group>";
		};
		E1CC37DC1D3E16C0005FEA04 /* Utils */ = {
			isa = PBXGroup;
			children = (
				E14FA71D1E3F4DB4000B4791 /* CYMailModelManager.h */,
				E14FA71E1E3F4DB4000B4791 /* CYMailModelManager.m */,
				E1CC37DD1D3E16C0005FEA04 /* DocPreviewUtil.h */,
				E1CC37DE1D3E16C0005FEA04 /* DocPreviewUtil.m */,
				E1CC37DF1D3E16C0005FEA04 /* MailAddAddrTextParser.h */,
				E1CC37E01D3E16C0005FEA04 /* MailAddAddrTextParser.m */,
				E1CC37E11D3E16C0005FEA04 /* YYSandBoxUtil.h */,
				E1CC37E21D3E16C0005FEA04 /* YYSandBoxUtil.m */,
				E1913DC01E277D0500432EEF /* CYMailSessionManager.h */,
				E1913DC11E277D0500432EEF /* CYMailSessionManager.m */,
				E1913DC31E277FBB00432EEF /* CYMailSession.h */,
				E1913DC41E277FBB00432EEF /* CYMailSession.m */,
				E10ED1361E28D4B900445B74 /* CYMailUtil.h */,
				E10ED1371E28D4B900445B74 /* CYMailUtil.m */,
			);
			path = Utils;
			sourceTree = "<group>";
		};
		E1CC38121D3E20BD005FEA04 /* UIView */ = {
			isa = PBXGroup;
			children = (
				E1CC38131D3E20BD005FEA04 /* UIView+Frame.h */,
				E1CC38141D3E20BD005FEA04 /* UIView+Frame.m */,
				E1CC38151D3E20BD005FEA04 /* UIView+Toast.h */,
				E1CC38161D3E20BD005FEA04 /* UIView+Toast.m */,
			);
			path = UIView;
			sourceTree = "<group>";
		};
		E1CC38191D3E2178005FEA04 /* UIColor */ = {
			isa = PBXGroup;
			children = (
				E1CC381A1D3E2178005FEA04 /* UIColor+HexString.h */,
				E1CC381B1D3E2178005FEA04 /* UIColor+HexString.m */,
			);
			path = UIColor;
			sourceTree = "<group>";
		};
		E1CC381D1D3E21CA005FEA04 /* Framework */ = {
			isa = PBXGroup;
			children = (
				E1CC380A1D3E19E8005FEA04 /* Security.framework */,
				E1CC38081D3E19DD005FEA04 /* CFNetwork.framework */,
			);
			name = Framework;
			sourceTree = "<group>";
		};
		E1CC381E1D3E2300005FEA04 /* NSString */ = {
			isa = PBXGroup;
			children = (
				E1CC381F1D3E2300005FEA04 /* NSString+CYVerification.h */,
				E1CC38201D3E2300005FEA04 /* NSString+CYVerification.m */,
			);
			path = NSString;
			sourceTree = "<group>";
		};
		E1CC38801D3E2829005FEA04 /* JSImagePicker */ = {
			isa = PBXGroup;
			children = (
				E1CC38811D3E2829005FEA04 /* JSImagePickerViewController.h */,
				E1CC38821D3E2829005FEA04 /* JSImagePickerViewController.m */,
			);
			path = JSImagePicker;
			sourceTree = "<group>";
		};
/* End PBXGroup section */

/* Begin PBXNativeTarget section */
		E1CC2ED01D3E0C1B005FEA04 /* CYMailDemo */ = {
			isa = PBXNativeTarget;
			buildConfigurationList = E1CC2EE81D3E0C1B005FEA04 /* Build configuration list for PBXNativeTarget "CYMailDemo" */;
			buildPhases = (
				AAA04CDC371A4829D6D32ADC /* [CP] Check Pods Manifest.lock */,
				E1CC2ECD1D3E0C1B005FEA04 /* Sources */,
				E1CC2ECE1D3E0C1B005FEA04 /* Frameworks */,
				E1CC2ECF1D3E0C1B005FEA04 /* Resources */,
				8A695EA0FF091D3A19E1C6A0 /* [CP] Embed Pods Frameworks */,
				AF94E4F278CE158D782F964A /* [CP] Copy Pods Resources */,
			);
			buildRules = (
			);
			dependencies = (
			);
			name = CYMailDemo;
			productName = CYBaseProject;
			productReference = E1CC2ED11D3E0C1B005FEA04 /* CYMailDemo.app */;
			productType = "com.apple.product-type.application";
		};
/* End PBXNativeTarget section */

/* Begin PBXProject section */
		E1CC2EC91D3E0C1B005FEA04 /* Project object */ = {
			isa = PBXProject;
			attributes = {
				LastUpgradeCheck = 0730;
				ORGANIZATIONNAME = CY.Lee;
				TargetAttributes = {
					E1CC2ED01D3E0C1B005FEA04 = {
						CreatedOnToolsVersion = 7.3.1;
					};
				};
			};
			buildConfigurationList = E1CC2ECC1D3E0C1B005FEA04 /* Build configuration list for PBXProject "CYMailDemo" */;
			compatibilityVersion = "Xcode 3.2";
			developmentRegion = English;
			hasScannedForEncodings = 0;
			knownRegions = (
				en,
				Base,
				"zh-Hans",
			);
			mainGroup = E1CC2EC81D3E0C1B005FEA04;
			productRefGroup = E1CC2ED21D3E0C1B005FEA04 /* Products */;
			projectDirPath = "";
			projectRoot = "";
			targets = (
				E1CC2ED01D3E0C1B005FEA04 /* CYMailDemo */,
			);
		};
/* End PBXProject section */

/* Begin PBXResourcesBuildPhase section */
		E1CC2ECF1D3E0C1B005FEA04 /* Resources */ = {
			isa = PBXResourcesBuildPhase;
			buildActionMask = 2147483647;
			files = (
				E10A9A5F1E338AEF003F45C0 /* MailListCell.xib in Resources */,
				E1485D401E2F6C53005CA706 /* File in Resources */,
				E10337C91E3785D3006C6BAD /* MailTopicCell.xib in Resources */,
				E1CC37981D3E1589005FEA04 /* MailLoginViewController.xib in Resources */,
				E10337C71E3785D3006C6BAD /* MailAttachmentCell.xib in Resources */,
				E10A9A781E33957B003F45C0 /* Localizable.strings in Resources */,
				E1B20CF81E40810E000032B3 /* Assets.xcassets in Resources */,
				E1CC33BA1D3E0C86005FEA04 /* Info.plist in Resources */,
				E1CC33B61D3E0C86005FEA04 /* LaunchScreen.storyboard in Resources */,
				E1CC37BE1D3E1589005FEA04 /* ZTEMailconfiguration.plist in Resources */,
				E1CC37BF1D3E1589005FEA04 /* ZTESupportMail.plist in Resources */,
				E1CC33B71D3E0C86005FEA04 /* Main.storyboard in Resources */,
				E10A9A671E338E0F003F45C0 /* MailContactCell.xib in Resources */,
			);
			runOnlyForDeploymentPostprocessing = 0;
		};
/* End PBXResourcesBuildPhase section */

/* Begin PBXShellScriptBuildPhase section */
		8A695EA0FF091D3A19E1C6A0 /* [CP] Embed Pods Frameworks */ = {
			isa = PBXShellScriptBuildPhase;
			buildActionMask = 2147483647;
			files = (
			);
			inputPaths = (
			);
			name = "[CP] Embed Pods Frameworks";
			outputPaths = (
			);
			runOnlyForDeploymentPostprocessing = 0;
			shellPath = /bin/sh;
			shellScript = "\"${SRCROOT}/Pods/Target Support Files/Pods-CYMailDemo/Pods-CYMailDemo-frameworks.sh\"\n";
			showEnvVarsInLog = 0;
		};
		AAA04CDC371A4829D6D32ADC /* [CP] Check Pods Manifest.lock */ = {
			isa = PBXShellScriptBuildPhase;
			buildActionMask = 2147483647;
			files = (
			);
			inputPaths = (
			);
			name = "[CP] Check Pods Manifest.lock";
			outputPaths = (
			);
			runOnlyForDeploymentPostprocessing = 0;
			shellPath = /bin/sh;
			shellScript = "diff \"${PODS_ROOT}/../Podfile.lock\" \"${PODS_ROOT}/Manifest.lock\" > /dev/null\nif [ $? != 0 ] ; then\n    # print error to STDERR\n    echo \"error: The sandbox is not in sync with the Podfile.lock. Run 'pod install' or update your CocoaPods installation.\" >&2\n    exit 1\nfi\n";
			showEnvVarsInLog = 0;
		};
		AF94E4F278CE158D782F964A /* [CP] Copy Pods Resources */ = {
			isa = PBXShellScriptBuildPhase;
			buildActionMask = 2147483647;
			files = (
			);
			inputPaths = (
			);
			name = "[CP] Copy Pods Resources";
			outputPaths = (
			);
			runOnlyForDeploymentPostprocessing = 0;
			shellPath = /bin/sh;
			shellScript = "\"${SRCROOT}/Pods/Target Support Files/Pods-CYMailDemo/Pods-CYMailDemo-resources.sh\"\n";
			showEnvVarsInLog = 0;
		};
/* End PBXShellScriptBuildPhase section */

/* Begin PBXSourcesBuildPhase section */
		E1CC2ECD1D3E0C1B005FEA04 /* Sources */ = {
			isa = PBXSourcesBuildPhase;
			buildActionMask = 2147483647;
			files = (
				E10A9A661E338E0F003F45C0 /* MailContactCell.m in Sources */,
				E1FF4C421E407D4B0067DFEC /* MailAddressCell.m in Sources */,
				E1CC38171D3E20BD005FEA04 /* UIView+Frame.m in Sources */,
				E1A16E341E27BA4A00C86832 /* CYMailAccount+CoreDataProperties.m in Sources */,
				E1CC37851D3E1589005FEA04 /* MailAttachmentViewController.m in Sources */,
				E1A16E351E27BA4A00C86832 /* CYAttachment.m in Sources */,
				E1A16E311E27BA4A00C86832 /* CYFolder.m in Sources */,
				E14FA71F1E3F4DB4000B4791 /* CYMailModelManager.m in Sources */,
				E1913DA41E272C3900432EEF /* CYMailModel.xcdatamodeld in Sources */,
				E1CC37971D3E1589005FEA04 /* MailLoginViewController.m in Sources */,
				E1A16E361E27BA4A00C86832 /* CYAttachment+CoreDataProperties.m in Sources */,
				E1913DC21E277D0500432EEF /* CYMailSessionManager.m in Sources */,
				E1CC37871D3E1589005FEA04 /* MailAccountListViewController.m in Sources */,
				E10A9A651E338E0F003F45C0 /* MailAttachmentTableViewCell.m in Sources */,
				E10A9A5E1E338AEF003F45C0 /* MailListCell.m in Sources */,
				E1CC37941D3E1589005FEA04 /* MailListViewController.m in Sources */,
				E1CC38211D3E2300005FEA04 /* NSString+CYVerification.m in Sources */,
				E1913DC51E277FBB00432EEF /* CYMailSession.m in Sources */,
				E1CC33B81D3E0C86005FEA04 /* main.m in Sources */,
				E1CC38181D3E20BD005FEA04 /* UIView+Toast.m in Sources */,
				E1CC378F1D3E1589005FEA04 /* MailFolderViewController.m in Sources */,
				E1A16E321E27BA4A00C86832 /* CYFolder+CoreDataProperties.m in Sources */,
				E1A16E331E27BA4A00C86832 /* CYMailAccount.m in Sources */,
				E11384771E26259D00510106 /* CYBaseMailViewController.m in Sources */,
				E10ED1381E28D4B900445B74 /* CYMailUtil.m in Sources */,
				E10337C81E3785D3006C6BAD /* MailTopicCell.m in Sources */,
				E1CC38831D3E2829005FEA04 /* JSImagePickerViewController.m in Sources */,
				E1A16E301E27BA4A00C86832 /* CYMail+CoreDataProperties.m in Sources */,
				E1CC37E81D3E16C0005FEA04 /* MailAddAddrTextParser.m in Sources */,
				E1CC37E91D3E16C0005FEA04 /* YYSandBoxUtil.m in Sources */,
				E1CC37E71D3E16C0005FEA04 /* DocPreviewUtil.m in Sources */,
				E1CC378D1D3E1589005FEA04 /* MailEditViewController.m in Sources */,
				E1CC33B51D3E0C86005FEA04 /* AppDelegate.m in Sources */,
				E1CC381C1D3E2178005FEA04 /* UIColor+HexString.m in Sources */,
				E14FA7221E3F6424000B4791 /* CYTempAttachment.m in Sources */,
				E1A16E2F1E27BA4A00C86832 /* CYMail.m in Sources */,
				E1CC37931D3E1589005FEA04 /* MailHomeViewController.m in Sources */,
				E1CC378B1D3E1589005FEA04 /* MailDetailViewController.m in Sources */,
				E10337C61E3785D3006C6BAD /* MailAttachmentCell.m in Sources */,
				E10A9A6A1E338E98003F45C0 /* MailDetailBottomView.m in Sources */,
			);
			runOnlyForDeploymentPostprocessing = 0;
		};
/* End PBXSourcesBuildPhase section */

/* Begin PBXVariantGroup section */
		E10A9A751E33957B003F45C0 /* Localizable.strings */ = {
			isa = PBXVariantGroup;
			children = (
				E10A9A771E33957B003F45C0 /* zh-Hans */,
			);
			name = Localizable.strings;
			sourceTree = "<group>";
		};
		E1CC2EF01D3E0C85005FEA04 /* LaunchScreen.storyboard */ = {
			isa = PBXVariantGroup;
			children = (
				E1CC2EF11D3E0C85005FEA04 /* Base */,
				E10A9A6E1E339438003F45C0 /* zh-Hans */,
			);
			name = LaunchScreen.storyboard;
			sourceTree = "<group>";
		};
		E1CC2EF21D3E0C85005FEA04 /* Main.storyboard */ = {
			isa = PBXVariantGroup;
			children = (
				E1CC2EF31D3E0C85005FEA04 /* Base */,
				E10A9A6F1E339438003F45C0 /* zh-Hans */,
			);
			name = Main.storyboard;
			sourceTree = "<group>";
		};
/* End PBXVariantGroup section */

/* Begin XCBuildConfiguration section */
		E1CC2EE61D3E0C1B005FEA04 /* Debug */ = {
			isa = XCBuildConfiguration;
			buildSettings = {
				ALWAYS_SEARCH_USER_PATHS = NO;
				CLANG_ANALYZER_LOCALIZABILITY_NONLOCALIZED = YES;
				CLANG_ANALYZER_NONNULL = YES;
				CLANG_CXX_LANGUAGE_STANDARD = "gnu++0x";
				CLANG_CXX_LIBRARY = "libc++";
				CLANG_ENABLE_MODULES = YES;
				CLANG_ENABLE_OBJC_ARC = YES;
				CLANG_WARN_BOOL_CONVERSION = YES;
				CLANG_WARN_CONSTANT_CONVERSION = YES;
				CLANG_WARN_DIRECT_OBJC_ISA_USAGE = YES_ERROR;
				CLANG_WARN_EMPTY_BODY = YES;
				CLANG_WARN_ENUM_CONVERSION = YES;
				CLANG_WARN_INT_CONVERSION = YES;
				CLANG_WARN_OBJC_ROOT_CLASS = YES_ERROR;
				CLANG_WARN_UNREACHABLE_CODE = YES;
				CLANG_WARN__DUPLICATE_METHOD_MATCH = YES;
				"CODE_SIGN_IDENTITY[sdk=iphoneos*]" = "iPhone Developer";
				COPY_PHASE_STRIP = NO;
				DEBUG_INFORMATION_FORMAT = dwarf;
				ENABLE_STRICT_OBJC_MSGSEND = YES;
				ENABLE_TESTABILITY = YES;
				GCC_C_LANGUAGE_STANDARD = gnu99;
				GCC_DYNAMIC_NO_PIC = NO;
				GCC_NO_COMMON_BLOCKS = YES;
				GCC_OPTIMIZATION_LEVEL = 0;
				GCC_PREPROCESSOR_DEFINITIONS = (
					"DEBUG=1",
					"$(inherited)",
				);
				GCC_WARN_64_TO_32_BIT_CONVERSION = YES;
				GCC_WARN_ABOUT_RETURN_TYPE = YES_ERROR;
				GCC_WARN_UNDECLARED_SELECTOR = YES;
				GCC_WARN_UNINITIALIZED_AUTOS = YES_AGGRESSIVE;
				GCC_WARN_UNUSED_FUNCTION = YES;
				GCC_WARN_UNUSED_VARIABLE = YES;
				IPHONEOS_DEPLOYMENT_TARGET = 9.3;
				MTL_ENABLE_DEBUG_INFO = YES;
				ONLY_ACTIVE_ARCH = YES;
				SDKROOT = iphoneos;
			};
			name = Debug;
		};
		E1CC2EE71D3E0C1B005FEA04 /* Release */ = {
			isa = XCBuildConfiguration;
			buildSettings = {
				ALWAYS_SEARCH_USER_PATHS = NO;
				CLANG_ANALYZER_LOCALIZABILITY_NONLOCALIZED = YES;
				CLANG_ANALYZER_NONNULL = YES;
				CLANG_CXX_LANGUAGE_STANDARD = "gnu++0x";
				CLANG_CXX_LIBRARY = "libc++";
				CLANG_ENABLE_MODULES = YES;
				CLANG_ENABLE_OBJC_ARC = YES;
				CLANG_WARN_BOOL_CONVERSION = YES;
				CLANG_WARN_CONSTANT_CONVERSION = YES;
				CLANG_WARN_DIRECT_OBJC_ISA_USAGE = YES_ERROR;
				CLANG_WARN_EMPTY_BODY = YES;
				CLANG_WARN_ENUM_CONVERSION = YES;
				CLANG_WARN_INT_CONVERSION = YES;
				CLANG_WARN_OBJC_ROOT_CLASS = YES_ERROR;
				CLANG_WARN_UNREACHABLE_CODE = YES;
				CLANG_WARN__DUPLICATE_METHOD_MATCH = YES;
				"CODE_SIGN_IDENTITY[sdk=iphoneos*]" = "iPhone Developer";
				COPY_PHASE_STRIP = NO;
				DEBUG_INFORMATION_FORMAT = "dwarf-with-dsym";
				ENABLE_NS_ASSERTIONS = NO;
				ENABLE_STRICT_OBJC_MSGSEND = YES;
				GCC_C_LANGUAGE_STANDARD = gnu99;
				GCC_NO_COMMON_BLOCKS = YES;
				GCC_WARN_64_TO_32_BIT_CONVERSION = YES;
				GCC_WARN_ABOUT_RETURN_TYPE = YES_ERROR;
				GCC_WARN_UNDECLARED_SELECTOR = YES;
				GCC_WARN_UNINITIALIZED_AUTOS = YES_AGGRESSIVE;
				GCC_WARN_UNUSED_FUNCTION = YES;
				GCC_WARN_UNUSED_VARIABLE = YES;
				IPHONEOS_DEPLOYMENT_TARGET = 9.3;
				MTL_ENABLE_DEBUG_INFO = NO;
				SDKROOT = iphoneos;
				VALIDATE_PRODUCT = YES;
			};
			name = Release;
		};
		E1CC2EE91D3E0C1B005FEA04 /* Debug */ = {
			isa = XCBuildConfiguration;
			baseConfigurationReference = 62C0D81A1BC09E39E096D366 /* Pods-CYMailDemo.debug.xcconfig */;
			buildSettings = {
				ASSETCATALOG_COMPILER_APPICON_NAME = AppIcon;
				GCC_INCREASE_PRECOMPILED_HEADER_SHARING = NO;
				GCC_PREFIX_HEADER = "$(SRCROOT)/CYBaseProject/Resource/Global/PrefixHeader.pch";
				INFOPLIST_FILE = "$(SRCROOT)/CYBaseProject/Resource/Plist/Info.plist";
				LD_RUNPATH_SEARCH_PATHS = "$(inherited) @executable_path/Frameworks";
				OTHER_LDFLAGS = "$(inherited)";
				PRODUCT_BUNDLE_IDENTIFIER = com.lxypeter.CYBaseProject;
				PRODUCT_NAME = CYMailDemo;
			};
			name = Debug;
		};
		E1CC2EEA1D3E0C1B005FEA04 /* Release */ = {
			isa = XCBuildConfiguration;
			baseConfigurationReference = E362B3E0FD6CF09249ABA059 /* Pods-CYMailDemo.release.xcconfig */;
			buildSettings = {
				ASSETCATALOG_COMPILER_APPICON_NAME = AppIcon;
				GCC_INCREASE_PRECOMPILED_HEADER_SHARING = NO;
				GCC_PREFIX_HEADER = "$(SRCROOT)/CYBaseProject/Resource/Global/PrefixHeader.pch";
				INFOPLIST_FILE = "$(SRCROOT)/CYBaseProject/Resource/Plist/Info.plist";
				LD_RUNPATH_SEARCH_PATHS = "$(inherited) @executable_path/Frameworks";
				OTHER_LDFLAGS = "$(inherited)";
				PRODUCT_BUNDLE_IDENTIFIER = com.lxypeter.CYBaseProject;
				PRODUCT_NAME = CYMailDemo;
			};
			name = Release;
		};
/* End XCBuildConfiguration section */

/* Begin XCConfigurationList section */
		E1CC2ECC1D3E0C1B005FEA04 /* Build configuration list for PBXProject "CYMailDemo" */ = {
			isa = XCConfigurationList;
			buildConfigurations = (
				E1CC2EE61D3E0C1B005FEA04 /* Debug */,
				E1CC2EE71D3E0C1B005FEA04 /* Release */,
			);
			defaultConfigurationIsVisible = 0;
			defaultConfigurationName = Release;
		};
		E1CC2EE81D3E0C1B005FEA04 /* Build configuration list for PBXNativeTarget "CYMailDemo" */ = {
			isa = XCConfigurationList;
			buildConfigurations = (
				E1CC2EE91D3E0C1B005FEA04 /* Debug */,
				E1CC2EEA1D3E0C1B005FEA04 /* Release */,
			);
			defaultConfigurationIsVisible = 0;
			defaultConfigurationName = Release;
		};
/* End XCConfigurationList section */

/* Begin XCVersionGroup section */
		E1913DA21E272C3900432EEF /* CYMailModel.xcdatamodeld */ = {
			isa = XCVersionGroup;
			children = (
				E1913DA31E272C3900432EEF /* CYMailModel.xcdatamodel */,
			);
			currentVersion = E1913DA31E272C3900432EEF /* CYMailModel.xcdatamodel */;
			path = CYMailModel.xcdatamodeld;
			sourceTree = "<group>";
			versionGroupType = wrapper.xcdatamodel;
		};
/* End XCVersionGroup section */
	};
	rootObject = E1CC2EC91D3E0C1B005FEA04 /* Project object */;
}
